Microsoft Visual Studio Solution File, Format Version 12.00
# Visual Studio Version 17
VisualStudioVersion = 17.5.2.0
MinimumVisualStudioVersion = 10.0.40219.1
Project("{FAE04EC0-301F-11D3-BF4B-00C04F79EFBC}") = "dotnet_mvc_test", "dotnet_mvc_test.csproj", "{22BC9C3A-FBAE-C361-070D-0B4BA8561156}"
EndProject
Global
	GlobalSection(SolutionConfigurationPlatforms) = preSolution
		Debug|Any CPU = Debug|Any CPU
		Release|Any CPU = Release|Any CPU
	EndGlobalSection
	GlobalSection(ProjectConfigurationPlatforms) = postSolution
		{22BC9C3A-FBAE-C361-070D-0B4BA8561156}.Debug|Any CPU.ActiveCfg = Debug|Any CPU
		{22BC9C3A-FBAE-C361-070D-0B4BA8561156}.Debug|Any CPU.Build.0 = Debug|Any CPU
		{22BC9C3A-FBAE-C361-070D-0B4BA8561156}.Release|Any CPU.ActiveCfg = Release|Any CPU
		{22BC9C3A-FBAE-C361-070D-0B4BA8561156}.Release|Any CPU.Build.0 = Release|Any CPU
	EndGlobalSection
	GlobalSection(SolutionProperties) = preSolution
		HideSolutionNode = FALSE
	EndGlobalSection
	GlobalSection(ExtensibilityGlobals) = postSolution
		SolutionGuid = {BAE71283-9BB1-4B75-A00B-AACDDBCCEFCD}
	EndGlobalSection
EndGlobal
